[[package]]
name = "absl-py"
version = "1.2.0"
description = "Abseil Python Common Libraries, see https://github.com/abseil/abseil-py."
category = "main"
optional = false
python-versions = ">=3.6"

[[package]]
name = "prometheus-client"
version = "0.14.1"
description = "Python client for the Prometheus monitoring system."
category = "main"
optional = false
python-versions = ">=3.6"

[package.extras]
twisted = ["twisted"]

[metadata]
lock-version = "1.1"
python-versions = "^3.9"
content-hash = "9d13c55f056c38556df43593675011cf205e343b47061e37b3b4f45772420b0a"

[metadata.files]
absl-py = []
prometheus-client = []
